
Microsoft Visual Studio Solution File, Format Version 10.00
# Visual Studio 2008
Project("{FAE04EC0-301F-11D3-BF4B-00C04F79EFBC}") = "Program 2", "Program2\Program 2.csproj", "{2A2C5971-D3DC-4260-9478-21DEA1985F00}"
EndProject
Global
	GlobalSection(SolutionConfigurationPlatforms) = preSolution
		Debug|Any CPU = Debug|Any CPU
		Release|Any CPU = Release|Any CPU
	EndGlobalSection
	GlobalSection(ProjectConfigurationPlatforms) = postSolution
		{2A2C5971-D3DC-4260-9478-21DEA1985F00}.Debug|Any CPU.ActiveCfg = Debug|Any CPU
		{2A2C5971-D3DC-4260-9478-21DEA1985F00}.Debug|Any CPU.Build.0 = Debug|Any CPU
		{2A2C5971-D3DC-4260-9478-21DEA1985F00}.Release|Any CPU.ActiveCfg = Release|Any CPU
		{2A2C5971-D3DC-4260-9478-21DEA1985F00}.Release|Any CPU.Build.0 = Release|Any CPU
	EndGlobalSection
	GlobalSection(SolutionProperties) = preSolution
		HideSolutionNode = FALSE
	EndGlobalSection
EndGlobal
